
Microsoft Visual Studio Solution File, Format Version 12.00
# Visual Studio Version 17
VisualStudioVersion = 17.10.35027.167
MinimumVisualStudioVersion = 10.0.40219.1
Project("{FAE04EC0-301F-11D3-BF4B-00C04F79EFBC}") = "api-dotNet-vehicles", "api-dotNet-vehicles.csproj", "{A8863F92-DA15-4BC9-B021-ED8429900F68}"
EndProject
Global
	GlobalSection(SolutionConfigurationPlatforms) = preSolution
		Debug|Any CPU = Debug|Any CPU
		Release|Any CPU = Release|Any CPU
	EndGlobalSection
	GlobalSection(ProjectConfigurationPlatforms) = postSolution
		{A8863F92-DA15-4BC9-B021-ED8429900F68}.Debug|Any CPU.ActiveCfg = Debug|Any CPU
		{A8863F92-DA15-4BC9-B021-ED8429900F68}.Debug|Any CPU.Build.0 = Debug|Any CPU
		{A8863F92-DA15-4BC9-B021-ED8429900F68}.Release|Any CPU.ActiveCfg = Release|Any CPU
		{A8863F92-DA15-4BC9-B021-ED8429900F68}.Release|Any CPU.Build.0 = Release|Any CPU
	EndGlobalSection
	GlobalSection(SolutionProperties) = preSolution
		HideSolutionNode = FALSE
	EndGlobalSection
	GlobalSection(ExtensibilityGlobals) = postSolution
		SolutionGuid = {28232A8E-8F54-4F9D-B769-B5C2098E9BCE}
	EndGlobalSection
EndGlobal
